// !$*UTF8*$!
{
	archiveVersion = 1;
	classes = {
	};
	objectVersion = 77;
	objects = {

/* Begin PBXContainerItemProxy section */
		D99AABE92F2BE46400AF4784 /* PBXContainerItemProxy */ = {
			isa = PBXContainerItemProxy;
			containerPortal = D99AABCA2F2BE46300AF4784 /* Project object */;
			proxyType = 1;
			remoteGlobalIDString = D99AABD12F2BE46300AF4784;
			remoteInfo = "Movies DB Code";
		};
		D99AABF32F2BE46400AF4784 /* PBXContainerItemProxy */ = {
			isa = PBXContainerItemProxy;
			containerPortal = D99AABCA2F2BE46300AF4784 /* Project object */;
			proxyType = 1;
			remoteGlobalIDString = D99AABD12F2BE46300AF4784;
			remoteInfo = "Movies DB Code";
		};
/* End PBXContainerItemProxy section */

/* Begin PBXFileReference section */
		D99AABD22F2BE46300AF4784 /* Movies DB Code.app */ = {isa = PBXFileReference; explicitFileType = wrapper.application; includeInIndex = 0; path = "Movies DB Code.app"; sourceTree = BUILT_PRODUCTS_DIR; };
		D99AABE82F2BE46400AF4784 /* Movies DB CodeTests.xctest */ = {isa = PBXFileReference; explicitFileType = wrapper.cfbundle; includeInIndex = 0; path = "Movies DB CodeTests.xctest"; sourceTree = BUILT_PRODUCTS_DIR; };
		D99AABF22F2BE46400AF4784 /* Movies DB CodeUITests.xctest */ = {isa = PBXFileReference; explicitFileType = wrapper.cfbundle; includeInIndex = 0; path = "Movies DB CodeUITests.xctest"; sourceTree = BUILT_PRODUCTS_DIR; };
/* End PBXFileReference section */

/* Begin PBXFileSystemSynchronizedBuildFileExceptionSet section */
		D99AABFA2F2BE46400AF4784 /* Exceptions for "Movies DB Code" folder in "Movies DB Code" target */ = {
			isa = PBXFileSystemSynchronizedBuildFileExceptionSet;
			membershipExceptions = (
				Info.plist,
			);
			target = D99AABD12F2BE46300AF4784 /* Movies DB Code */;
		};
/* End PBXFileSystemSynchronizedBuildFileExceptionSet section */

/* Begin PBXFileSystemSynchronizedRootGroup section */
		D99AABD42F2BE46300AF4784 /* Movies DB Code */ = {
			isa = PBXFileSystemSynchronizedRootGroup;
			exceptions = (
				D99AABFA2F2BE46400AF4784 /* Exceptions for "Movies DB Code" folder in "Movies DB Code" target */,
			);
			path = "Movies DB Code";
			sourceTree = "<group>";
		};
		D99AABEB2F2BE46400AF4784 /* Movies DB CodeTests */ = {
			isa = PBXFileSystemSynchronizedRootGroup;
			path = "Movies DB CodeTests";
			sourceTree = "<group>";
		};
		D99AABF52F2BE46400AF4784 /* Movies DB CodeUITests */ = {
			isa = PBXFileSystemSynchronizedRootGroup;
			path = "Movies DB CodeUITests";
			sourceTree = "<group>";
		};
/* End PBXFileSystemSynchronizedRootGroup section */

/* Begin PBXFrameworksBuildPhase section */
		D99AABCF2F2BE46300AF4784 /* Frameworks */ = {
			isa = PBXFrameworksBuildPhase;
			buildActionMask = 2147483647;
			files = (
			);
			runOnlyForDeploymentPostprocessing = 0;
		};
		D99AABE52F2BE46400AF4784 /* Frameworks */ = {
			isa = PBXFrameworksBuildPhase;
			buildActionMask = 2147483647;
			files = (
			);
			runOnlyForDeploymentPostprocessing = 0;
		};
		D99AABEF2F2BE46400AF4784 /* Frameworks */ = {
			isa = PBXFrameworksBuildPhase;
			buildActionMask = 2147483647;
			files = (
			);
			runOnlyForDeploymentPostprocessing = 0;
		};
/* End PBXFrameworksBuildPhase section */

/* Begin PBXGroup section */
		D99AABC92F2BE46300AF4784 = {
			isa = PBXGroup;
			children = (
				D99AABD42F2BE46300AF4784 /* Movies DB Code */,
				D99AABEB2F2BE46400AF4784 /* Movies DB CodeTests */,
				D99AABF52F2BE46400AF4784 /* Movies DB CodeUITests */,
				D99AABD32F2BE46300AF4784 /* Products */,
			);
			sourceTree = "<group>";
		};
		D99AABD32F2BE46300AF4784 /* Products */ = {
			isa = PBXGroup;
			children = (
				D99AABD22F2BE46300AF4784 /* Movies DB Code.app */,
				D99AABE82F2BE46400AF4784 /* Movies DB CodeTests.xctest */,
				D99AABF22F2BE46400AF4784 /* Movies DB CodeUITests.xctest */,
			);
			name = Products;
			sourceTree = "<group>";
		};
/* End PBXGroup section */

/* Begin PBXNativeTarget section */
		D99AABD12F2BE46300AF4784 /* Movies DB Code */ = {
			isa = PBXNativeTarget;
			buildConfigurationList = D99AABFB2F2BE46400AF4784 /* Build configuration list for PBXNativeTarget "Movies DB Code" */;
			buildPhases = (
				D99AABCE2F2BE46300AF4784 /* Sources */,
				D99AABCF2F2BE46300AF4784 /* Frameworks */,
				D99AABD02F2BE46300AF4784 /* Resources */,
			);
			buildRules = (
			);
			dependencies = (
			);
			fileSystemSynchronizedGroups = (
				D99AABD42F2BE46300AF4784 /* Movies DB Code */,
			);
			name = "Movies DB Code";
			packageProductDependencies = (
			);
			productName = "Movies DB Code";
			productReference = D99AABD22F2BE46300AF4784 /* Movies DB Code.app */;
			productType = "com.apple.product-type.application";
		};
		D99AABE72F2BE46400AF4784 /* Movies DB CodeTests */ = {
			isa = PBXNativeTarget;
			buildConfigurationList = D99AAC002F2BE46400AF4784 /* Build configuration list for PBXNativeTarget "Movies DB CodeTests" */;
			buildPhases = (
				D99AABE42F2BE46400AF4784 /* Sources */,
				D99AABE52F2BE46400AF4784 /* Frameworks */,
				D99AABE62F2BE46400AF4784 /* Resources */,
			);
			buildRules = (
			);
			dependencies = (
				D99AABEA2F2BE46400AF4784 /* PBXTargetDependency */,
			);
			fileSystemSynchronizedGroups = (
				D99AABEB2F2BE46400AF4784 /* Movies DB CodeTests */,
			);
			name = "Movies DB CodeTests";
			packageProductDependencies = (
			);
			productName = "Movies DB CodeTests";
			productReference = D99AABE82F2BE46400AF4784 /* Movies DB CodeTests.xctest */;
			productType = "com.apple.product-type.bundle.unit-test";
		};
		D99AABF12F2BE46400AF4784 /* Movies DB CodeUITests */ = {
			isa = PBXNativeTarget;
			buildConfigurationList = D99AAC032F2BE46400AF4784 /* Build configuration list for PBXNativeTarget "Movies DB CodeUITests" */;
			buildPhases = (
				D99AABEE2F2BE46400AF4784 /* Sources */,
				D99AABEF2F2BE46400AF4784 /* Frameworks */,
				D99AABF02F2BE46400AF4784 /* Resources */,
			);
			buildRules = (
			);
			dependencies = (
				D99AABF42F2BE46400AF4784 /* PBXTargetDependency */,
			);
			fileSystemSynchronizedGroups = (
				D99AABF52F2BE46400AF4784 /* Movies DB CodeUITests */,
			);
			name = "Movies DB CodeUITests";
			packageProductDependencies = (
			);
			productName = "Movies DB CodeUITests";
			productReference = D99AABF22F2BE46400AF4784 /* Movies DB CodeUITests.xctest */;
			productType = "com.apple.product-type.bundle.ui-testing";
		};
/* End PBXNativeTarget section */

/* Begin PBXProject section */
		D99AABCA2F2BE46300AF4784 /* Project object */ = {
			isa = PBXProject;
			attributes = {
				BuildIndependentTargetsInParallel = 1;
				LastSwiftUpdateCheck = 2620;
				LastUpgradeCheck = 2620;
				TargetAttributes = {
					D99AABD12F2BE46300AF4784 = {
						CreatedOnToolsVersion = 26.2;
					};
					D99AABE72F2BE46400AF4784 = {
						CreatedOnToolsVersion = 26.2;
						TestTargetID = D99AABD12F2BE46300AF4784;
					};
					D99AABF12F2BE46400AF4784 = {
						CreatedOnToolsVersion = 26.2;
						TestTargetID = D99AABD12F2BE46300AF4784;
					};
				};
			};
			buildConfigurationList = D99AABCD2F2BE46300AF4784 /* Build configuration list for PBXProject "Movies DB Code" */;
			developmentRegion = en;
			hasScannedForEncodings = 0;
			knownRegions = (
				en,
				Base,
			);
			mainGroup = D99AABC92F2BE46300AF4784;
			minimizedProjectReferenceProxies = 1;
			preferredProjectObjectVersion = 77;
			productRefGroup = D99AABD32F2BE46300AF4784 /* Products */;
			projectDirPath = "";
			projectRoot = "";
			targets = (
				D99AABD12F2BE46300AF4784 /* Movies DB Code */,
				D99AABE72F2BE46400AF4784 /* Movies DB CodeTests */,
				D99AABF12F2BE46400AF4784 /* Movies DB CodeUITests */,
			);
		};
/* End PBXProject section */

/* Begin PBXResourcesBuildPhase section */
		D99AABD02F2BE46300AF4784 /* Resources */ = {
			isa = PBXResourcesBuildPhase;
			buildActionMask = 2147483647;
			files = (
			);
			runOnlyForDeploymentPostprocessing = 0;
		};
		D99AABE62F2BE46400AF4784 /* Resources */ = {
			isa = PBXResourcesBuildPhase;
			buildActionMask = 2147483647;
			files = (
			);
			runOnlyForDeploymentPostprocessing = 0;
		};
		D99AABF02F2BE46400AF4784 /* Resources */ = {
			isa = PBXResourcesBuildPhase;
			buildActionMask = 2147483647;
			files = (
			);
			runOnlyForDeploymentPostprocessing = 0;
		};
/* End PBXResourcesBuildPhase section */

/* Begin PBXSourcesBuildPhase section */
		D99AABCE2F2BE46300AF4784 /* Sources */ = {
			isa = PBXSourcesBuildPhase;
			buildActionMask = 2147483647;
			files = (
			);
			runOnlyForDeploymentPostprocessing = 0;
		};
		D99AABE42F2BE46400AF4784 /* Sources */ = {
			isa = PBXSourcesBuildPhase;
			buildActionMask = 2147483647;
			files = (
			);
			runOnlyForDeploymentPostprocessing = 0;
		};
		D99AABEE2F2BE46400AF4784 /* Sources */ = {
			isa = PBXSourcesBuildPhase;
			buildActionMask = 2147483647;
			files = (
			);
			runOnlyForDeploymentPostprocessing = 0;
		};
/* End PBXSourcesBuildPhase section */

/* Begin PBXTargetDependency section */
		D99AABEA2F2BE46400AF4784 /* PBXTargetDependency */ = {
			isa = PBXTargetDependency;
			target = D99AABD12F2BE46300AF4784 /* Movies DB Code */;
			targetProxy = D99AABE92F2BE46400AF4784 /* PBXContainerItemProxy */;
		};
		D99AABF42F2BE46400AF4784 /* PBXTargetDependency */ = {
			isa = PBXTargetDependency;
			target = D99AABD12F2BE46300AF4784 /* Movies DB Code */;
			targetProxy = D99AABF32F2BE46400AF4784 /* PBXContainerItemProxy */;
		};
/* End PBXTargetDependency section */

/* Begin XCBuildConfiguration section */
		D99AABFC2F2BE46400AF4784 /* Debug */ = {
			isa = XCBuildConfiguration;
			buildSettings = {
				ASSETCATALOG_COMPILER_APPICON_NAME = AppIcon;
				ASSETCATALOG_COMPILER_GLOBAL_ACCENT_COLOR_NAME = AccentColor;
				CODE_SIGN_STYLE = Automatic;
				CURRENT_PROJECT_VERSION = 1;
				GENERATE_INFOPLIST_FILE = YES;
				INFOPLIST_FILE = "Movies DB Code/Info.plist";
				INFOPLIST_KEY_UIApplicationSupportsIndirectInputEvents = YES;
				INFOPLIST_KEY_UILaunchStoryboardName = LaunchScreen;
				INFOPLIST_KEY_UIMainStoryboardFile = Main;
				INFOPLIST_KEY_UISupportedInterfaceOrientations_iPad = "UIInterfaceOrientationPortrait UIInterfaceOrientationPortraitUpsideDown UIInterfaceOrientationLandscapeLeft UIInterfaceOrientationLandscapeRight";
				INFOPLIST_KEY_UISupportedInterfaceOrientations_iPhone = "UIInterfaceOrientationPortrait UIInterfaceOrientationLandscapeLeft UIInterfaceOrientationLandscapeRight";
				LD_RUNPATH_SEARCH_PATHS = (
					"$(inherited)",
					"@executable_path/Frameworks",
				);
				MARKETING_VERSION = 1.0;
				PRODUCT_BUNDLE_IDENTIFIER = "com.Batch43.Movies-DB-Code";
				PRODUCT_NAME = "$(TARGET_NAME)";
				STRING_CATALOG_GENERATE_SYMBOLS = YES;
				SWIFT_APPROACHABLE_CONCURRENCY = YES;
				SWIFT_DEFAULT_ACTOR_ISOLATION = MainActor;
				SWIFT_EMIT_LOC_STRINGS = YES;
				SWIFT_UPCOMING_FEATURE_MEMBER_IMPORT_VISIBILITY = YES;
				SWIFT_VERSION = 5.0;
				TARGETED_DEVICE_FAMILY = "1,2";
			};
			name = Debug;
		};
		D99AABFD2F2BE46400AF4784 /* Release */ = {
			isa = XCBuildConfiguration;
			buildSettings = {
				ASSETCATALOG_COMPILER_APPICON_NAME = AppIcon;
				ASSETCATALOG_COMPILER_GLOBAL_ACCENT_COLOR_NAME = AccentColor;
				CODE_SIGN_STYLE = Automatic;
				CURRENT_PROJECT_VERSION = 1;
				GENERATE_INFOPLIST_FILE = YES;
				INFOPLIST_FILE = "Movies DB Code/Info.plist";
				INFOPLIST_KEY_UIApplicationSupportsIndirectInputEvents = YES;
				INFOPLIST_KEY_UILaunchStoryboardName = LaunchScreen;
				INFOPLIST_KEY_UIMainStoryboardFile = Main;
				INFOPLIST_KEY_UISupportedInterfaceOrientations_iPad = "UIInterfaceOrientationPortrait UIInterfaceOrientationPortraitUpsideDown UIInterfaceOrientationLandscapeLeft UIInterfaceOrientationLandscapeRight";
				INFOPLIST_KEY_UISupportedInterfaceOrientations_iPhone = "UIInterfaceOrientationPortrait UIInterfaceOrientationLandscapeLeft UIInterfaceOrientationLandscapeRight";
				LD_RUNPATH_SEARCH_PATHS = (
					"$(inherited)",
					"@executable_path/Frameworks",
				);
				MARKETING_VERSION = 1.0;
				PRODUCT_BUNDLE_IDENTIFIER = "com.Batch43.Movies-DB-Code";
				PRODUCT_NAME = "$(TARGET_NAME)";
				STRING_CATALOG_GENERATE_SYMBOLS = YES;
				SWIFT_APPROACHABLE_CONCURRENCY = YES;
				SWIFT_DEFAULT_ACTOR_ISOLATION = MainActor;
				SWIFT_EMIT_LOC_STRINGS = YES;
				SWIFT_UPCOMING_FEATURE_MEMBER_IMPORT_VISIBILITY = YES;
				SWIFT_VERSION = 5.0;
				TARGETED_DEVICE_FAMILY = "1,2";
			};
			name = Release;
		};
		D99AABFE2F2BE46400AF4784 /* Debug */ = {
			isa = XCBuildConfiguration;
			buildSettings = {
				ALWAYS_SEARCH_USER_PATHS = NO;
				ASSETCATALOG_COMPILER_GENERATE_SWIFT_ASSET_SYMBOL_EXTENSIONS = YES;
				CLANG_ANALYZER_NONNULL = YES;
				CLANG_ANALYZER_NUMBER_OBJECT_CONVERSION = YES_AGGRESSIVE;
				CLANG_CXX_LANGUAGE_STANDARD = "gnu++20";
				CLANG_ENABLE_MODULES = YES;
				CLANG_ENABLE_OBJC_ARC = YES;
				CLANG_ENABLE_OBJC_WEAK = YES;
				CLANG_WARN_BLOCK_CAPTURE_AUTORELEASING = YES;
				CLANG_WARN_BOOL_CONVERSION = YES;
				CLANG_WARN_COMMA = YES;
				CLANG_WARN_CONSTANT_CONVERSION = YES;
				CLANG_WARN_DEPRECATED_OBJC_IMPLEMENTATIONS = YES;
				CLANG_WARN_DIRECT_OBJC_ISA_USAGE = YES_ERROR;
				CLANG_WARN_DOCUMENTATION_COMMENTS = YES;
				CLANG_WARN_EMPTY_BODY = YES;
				CLANG_WARN_ENUM_CONVERSION = YES;
				CLANG_WARN_INFINITE_RECURSION = YES;
				CLANG_WARN_INT_CONVERSION = YES;
				CLANG_WARN_NON_LITERAL_NULL_CONVERSION = YES;
				CLANG_WARN_OBJC_IMPLICIT_RETAIN_SELF = YES;
				CLANG_WARN_OBJC_LITERAL_CONVERSION = YES;
				CLANG_WARN_OBJC_ROOT_CLASS = YES_ERROR;
				CLANG_WARN_QUOTED_INCLUDE_IN_FRAMEWORK_HEADER = YES;
				CLANG_WARN_RANGE_LOOP_ANALYSIS = YES;
				CLANG_WARN_STRICT_PROTOTYPES = YES;
				CLANG_WARN_SUSPICIOUS_MOVE = YES;
				CLANG_WARN_UNGUARDED_AVAILABILITY = YES_AGGRESSIVE;
				CLANG_WARN_UNREACHABLE_CODE = YES;
				CLANG_WARN__DUPLICATE_METHOD_MATCH = YES;
				COPY_PHASE_STRIP = NO;
				DEBUG_INFORMATION_FORMAT = dwarf;
				ENABLE_STRICT_OBJC_MSGSEND = YES;
				ENABLE_TESTABILITY = YES;
				ENABLE_USER_SCRIPT_SANDBOXING = YES;
				GCC_C_LANGUAGE_STANDARD = gnu17;
				GCC_DYNAMIC_NO_PIC = NO;
				GCC_NO_COMMON_BLOCKS = YES;
				GCC_OPTIMIZATION_LEVEL = 0;
				GCC_PREPROCESSOR_DEFINITIONS = (
					"DEBUG=1",
					"$(inherited)",
				);
				GCC_WARN_64_TO_32_BIT_CONVERSION = YES;
				GCC_WARN_ABOUT_RETURN_TYPE = YES_ERROR;
				GCC_WARN_UNDECLARED_SELECTOR = YES;
				GCC_WARN_UNINITIALIZED_AUTOS = YES_AGGRESSIVE;
				GCC_WARN_UNUSED_FUNCTION = YES;
				GCC_WARN_UNUSED_VARIABLE = YES;
				IPHONEOS_DEPLOYMENT_TARGET = 26.2;
				LOCALIZATION_PREFERS_STRING_CATALOGS = YES;
				MTL_ENABLE_DEBUG_INFO = INCLUDE_SOURCE;
				MTL_FAST_MATH = YES;
				ONLY_ACTIVE_ARCH = YES;
				SDKROOT = iphoneos;
				SWIFT_ACTIVE_COMPILATION_CONDITIONS = "DEBUG $(inherited)";
				SWIFT_OPTIMIZATION_LEVEL = "-Onone";
			};
			name = Debug;
		};
		D99AABFF2F2BE46400AF4784 /* Release */ = {
			isa = XCBuildConfiguration;
			buildSettings = {
				ALWAYS_SEARCH_USER_PATHS = NO;
				ASSETCATALOG_COMPILER_GENERATE_SWIFT_ASSET_SYMBOL_EXTENSIONS = YES;
				CLANG_ANALYZER_NONNULL = YES;
				CLANG_ANALYZER_NUMBER_OBJECT_CONVERSION = YES_AGGRESSIVE;
				CLANG_CXX_LANGUAGE_STANDARD = "gnu++20";
				CLANG_ENABLE_MODULES = YES;
				CLANG_ENABLE_OBJC_ARC = YES;
				CLANG_ENABLE_OBJC_WEAK = YES;
				CLANG_WARN_BLOCK_CAPTURE_AUTORELEASING = YES;
				CLANG_WARN_BOOL_CONVERSION = YES;
				CLANG_WARN_COMMA = YES;
				CLANG_WARN_CONSTANT_CONVERSION = YES;
				CLANG_WARN_DEPRECATED_OBJC_IMPLEMENTATIONS = YES;
				CLANG_WARN_DIRECT_OBJC_ISA_USAGE = YES_ERROR;
				CLANG_WARN_DOCUMENTATION_COMMENTS = YES;
				CLANG_WARN_EMPTY_BODY = YES;
				CLANG_WARN_ENUM_CONVERSION = YES;
				CLANG_WARN_INFINITE_RECURSION = YES;
				CLANG_WARN_INT_CONVERSION = YES;
				CLANG_WARN_NON_LITERAL_NULL_CONVERSION = YES;
				CLANG_WARN_OBJC_IMPLICIT_RETAIN_SELF = YES;
				CLANG_WARN_OBJC_LITERAL_CONVERSION = YES;
				CLANG_WARN_OBJC_ROOT_CLASS = YES_ERROR;
				CLANG_WARN_QUOTED_INCLUDE_IN_FRAMEWORK_HEADER = YES;
				CLANG_WARN_RANGE_LOOP_ANALYSIS = YES;
				CLANG_WARN_STRICT_PROTOTYPES = YES;
				CLANG_WARN_SUSPICIOUS_MOVE = YES;
				CLANG_WARN_UNGUARDED_AVAILABILITY = YES_AGGRESSIVE;
				CLANG_WARN_UNREACHABLE_CODE = YES;
				CLANG_WARN__DUPLICATE_METHOD_MATCH = YES;
				COPY_PHASE_STRIP = NO;
				DEBUG_INFORMATION_FORMAT = "dwarf-with-dsym";
				ENABLE_NS_ASSERTIONS = NO;
				ENABLE_STRICT_OBJC_MSGSEND = YES;
				ENABLE_USER_SCRIPT_SANDBOXING = YES;
				GCC_C_LANGUAGE_STANDARD = gnu17;
				GCC_NO_COMMON_BLOCKS = YES;
				GCC_WARN_64_TO_32_BIT_CONVERSION = YES;
				GCC_WARN_ABOUT_RETURN_TYPE = YES_ERROR;
				GCC_WARN_UNDECLARED_SELECTOR = YES;
				GCC_WARN_UNINITIALIZED_AUTOS = YES_AGGRESSIVE;
				GCC_WARN_UNUSED_FUNCTION = YES;
				GCC_WARN_UNUSED_VARIABLE = YES;
				IPHONEOS_DEPLOYMENT_TARGET = 26.2;
				LOCALIZATION_PREFERS_STRING_CATALOGS = YES;
				MTL_ENABLE_DEBUG_INFO = NO;
				MTL_FAST_MATH = YES;
				SDKROOT = iphoneos;
				SWIFT_COMPILATION_MODE = wholemodule;
				VALIDATE_PRODUCT = YES;
			};
			name = Release;
		};
		D99AAC012F2BE46400AF4784 /* Debug */ = {
			isa = XCBuildConfiguration;
			buildSettings = {
				BUNDLE_LOADER = "$(TEST_HOST)";
				CODE_SIGN_STYLE = Automatic;
				CURRENT_PROJECT_VERSION = 1;
				GENERATE_INFOPLIST_FILE = YES;
				IPHONEOS_DEPLOYMENT_TARGET = 26.2;
				MARKETING_VERSION = 1.0;
				PRODUCT_BUNDLE_IDENTIFIER = "com.Batch43.Movies-DB-CodeTests";
				PRODUCT_NAME = "$(TARGET_NAME)";
				STRING_CATALOG_GENERATE_SYMBOLS = NO;
				SWIFT_APPROACHABLE_CONCURRENCY = YES;
				SWIFT_EMIT_LOC_STRINGS = NO;
				SWIFT_UPCOMING_FEATURE_MEMBER_IMPORT_VISIBILITY = YES;
				SWIFT_VERSION = 5.0;
				TARGETED_DEVICE_FAMILY = "1,2";
				TEST_HOST = "$(BUILT_PRODUCTS_DIR)/Movies DB Code.app/$(BUNDLE_EXECUTABLE_FOLDER_PATH)/Movies DB Code";
			};
			name = Debug;
		};
		D99AAC022F2BE46400AF4784 /* Release */ = {
			isa = XCBuildConfiguration;
			buildSettings = {
				BUNDLE_LOADER = "$(TEST_HOST)";
				CODE_SIGN_STYLE = Automatic;
				CURRENT_PROJECT_VERSION = 1;
				GENERATE_INFOPLIST_FILE = YES;
				IPHONEOS_DEPLOYMENT_TARGET = 26.2;
				MARKETING_VERSION = 1.0;
				PRODUCT_BUNDLE_IDENTIFIER = "com.Batch43.Movies-DB-CodeTests";
				PRODUCT_NAME = "$(TARGET_NAME)";
				STRING_CATALOG_GENERATE_SYMBOLS = NO;
				SWIFT_APPROACHABLE_CONCURRENCY = YES;
				SWIFT_EMIT_LOC_STRINGS = NO;
				SWIFT_UPCOMING_FEATURE_MEMBER_IMPORT_VISIBILITY = YES;
				SWIFT_VERSION = 5.0;
				TARGETED_DEVICE_FAMILY = "1,2";
				TEST_HOST = "$(BUILT_PRODUCTS_DIR)/Movies DB Code.app/$(BUNDLE_EXECUTABLE_FOLDER_PATH)/Movies DB Code";
			};
			name = Release;
		};
		D99AAC042F2BE46400AF4784 /* Debug */ = {
			isa = XCBuildConfiguration;
			buildSettings = {
				CODE_SIGN_STYLE = Automatic;
				CURRENT_PROJECT_VERSION = 1;
				GENERATE_INFOPLIST_FILE = YES;
				MARKETING_VERSION = 1.0;
				PRODUCT_BUNDLE_IDENTIFIER = "com.Batch43.Movies-DB-CodeUITests";
				PRODUCT_NAME = "$(TARGET_NAME)";
				STRING_CATALOG_GENERATE_SYMBOLS = NO;
				SWIFT_APPROACHABLE_CONCURRENCY = YES;
				SWIFT_EMIT_LOC_STRINGS = NO;
				SWIFT_UPCOMING_FEATURE_MEMBER_IMPORT_VISIBILITY = YES;
				SWIFT_VERSION = 5.0;
				TARGETED_DEVICE_FAMILY = "1,2";
				TEST_TARGET_NAME = "Movies DB Code";
			};
			name = Debug;
		};
		D99AAC052F2BE46400AF4784 /* Release */ = {
			isa = XCBuildConfiguration;
			buildSettings = {
				CODE_SIGN_STYLE = Automatic;
				CURRENT_PROJECT_VERSION = 1;
				GENERATE_INFOPLIST_FILE = YES;
				MARKETING_VERSION = 1.0;
				PRODUCT_BUNDLE_IDENTIFIER = "com.Batch43.Movies-DB-CodeUITests";
				PRODUCT_NAME = "$(TARGET_NAME)";
				STRING_CATALOG_GENERATE_SYMBOLS = NO;
				SWIFT_APPROACHABLE_CONCURRENCY = YES;
				SWIFT_EMIT_LOC_STRINGS = NO;
				SWIFT_UPCOMING_FEATURE_MEMBER_IMPORT_VISIBILITY = YES;
				SWIFT_VERSION = 5.0;
				TARGETED_DEVICE_FAMILY = "1,2";
				TEST_TARGET_NAME = "Movies DB Code";
			};
			name = Release;
		};
/* End XCBuildConfiguration section */

/* Begin XCConfigurationList section */
		D99AABCD2F2BE46300AF4784 /* Build configuration list for PBXProject "Movies DB Code" */ = {
			isa = XCConfigurationList;
			buildConfigurations = (
				D99AABFE2F2BE46400AF4784 /* Debug */,
				D99AABFF2F2BE46400AF4784 /* Release */,
			);
			defaultConfigurationIsVisible = 0;
			defaultConfigurationName = Release;
		};
		D99AABFB2F2BE46400AF4784 /* Build configuration list for PBXNativeTarget "Movies DB Code" */ = {
			isa = XCConfigurationList;
			buildConfigurations = (
				D99AABFC2F2BE46400AF4784 /* Debug */,
				D99AABFD2F2BE46400AF4784 /* Release */,
			);
			defaultConfigurationIsVisible = 0;
			defaultConfigurationName = Release;
		};
		D99AAC002F2BE46400AF4784 /* Build configuration list for PBXNativeTarget "Movies DB CodeTests" */ = {
			isa = XCConfigurationList;
			buildConfigurations = (
				D99AAC012F2BE46400AF4784 /* Debug */,
				D99AAC022F2BE46400AF4784 /* Release */,
			);
			defaultConfigurationIsVisible = 0;
			defaultConfigurationName = Release;
		};
		D99AAC032F2BE46400AF4784 /* Build configuration list for PBXNativeTarget "Movies DB CodeUITests" */ = {
			isa = XCConfigurationList;
			buildConfigurations = (
				D99AAC042F2BE46400AF4784 /* Debug */,
				D99AAC052F2BE46400AF4784 /* Release */,
			);
			defaultConfigurationIsVisible = 0;
			defaultConfigurationName = Release;
		};
/* End XCConfigurationList section */
	};
	rootObject = D99AABCA2F2BE46300AF4784 /* Project object */;
}
